
Microsoft Visual Studio Solution File, Format Version 12.00
# Visual Studio Version 17
VisualStudioVersion = 17.11.35303.130
MinimumVisualStudioVersion = 10.0.40219.1
Project("{FAE04EC0-301F-11D3-BF4B-00C04F79EFBC}") = "16.09.24", "16.09.24\16.09.24.csproj", "{129DD666-298B-48E6-AA88-F48BC7011891}"
EndProject
Global
	GlobalSection(SolutionConfigurationPlatforms) = preSolution
		Debug|Any CPU = Debug|Any CPU
		Release|Any CPU = Release|Any CPU
	EndGlobalSection
	GlobalSection(ProjectConfigurationPlatforms) = postSolution
		{129DD666-298B-48E6-AA88-F48BC7011891}.Debug|Any CPU.ActiveCfg = Debug|Any CPU
		{129DD666-298B-48E6-AA88-F48BC7011891}.Debug|Any CPU.Build.0 = Debug|Any CPU
		{129DD666-298B-48E6-AA88-F48BC7011891}.Release|Any CPU.ActiveCfg = Release|Any CPU
		{129DD666-298B-48E6-AA88-F48BC7011891}.Release|Any CPU.Build.0 = Release|Any CPU
	EndGlobalSection
	GlobalSection(SolutionProperties) = preSolution
		HideSolutionNode = FALSE
	EndGlobalSection
	GlobalSection(ExtensibilityGlobals) = postSolution
		SolutionGuid = {D6E9E436-B407-472C-A4DF-6CF291530F59}
	EndGlobalSection
EndGlobal
